
Microsoft Visual Studio Solution File, Format Version 12.00
# Visual Studio Version 17
VisualStudioVersion = 17.7.34221.43
MinimumVisualStudioVersion = 10.0.40219.1
Project("{FAE04EC0-301F-11D3-BF4B-00C04F79EFBC}") = "ExampleWidgetProvider", "ExampleWidgetProvider\ExampleWidgetProvider.csproj", "{C61C83AA-B8D0-4A20-A4EF-81D0C196CC5F}"
EndProject
Global
	GlobalSection(SolutionConfigurationPlatforms) = preSolution
		Debug|Any CPU = Debug|Any CPU
		Release|Any CPU = Release|Any CPU
	EndGlobalSection
	GlobalSection(ProjectConfigurationPlatforms) = postSolution
		{C61C83AA-B8D0-4A20-A4EF-81D0C196CC5F}.Debug|Any CPU.ActiveCfg = Debug|Any CPU
		{C61C83AA-B8D0-4A20-A4EF-81D0C196CC5F}.Debug|Any CPU.Build.0 = Debug|Any CPU
		{C61C83AA-B8D0-4A20-A4EF-81D0C196CC5F}.Release|Any CPU.ActiveCfg = Release|Any CPU
		{C61C83AA-B8D0-4A20-A4EF-81D0C196CC5F}.Release|Any CPU.Build.0 = Release|Any CPU
	EndGlobalSection
	GlobalSection(SolutionProperties) = preSolution
		HideSolutionNode = FALSE
	EndGlobalSection
	GlobalSection(ExtensibilityGlobals) = postSolution
		SolutionGuid = {310DCCDB-A684-477F-8A82-3321881F3930}
	EndGlobalSection
EndGlobal
